
Microsoft Visual Studio Solution File, Format Version 12.00
# 
Project("{2150E333-8FDC-42A3-9474-1A3956D46DE8}") = "Modules", "Modules", "{53550E84-C631-4E42-AD41-173131F1E885}"
EndProject
Project("{2150E333-8FDC-42A3-9474-1A3956D46DE8}") = "Shared", "Shared", "{74C1DD44-E596-47AE-8F36-9C4D3FA01EEE}"
EndProject
Project("{FAE04EC0-301F-11D3-BF4B-00C04F79EFBC}") = "SISLAB.SharedKernel", "src\Shared\SISLAB.SharedKernel\SISLAB.SharedKernel.csproj", "{A793684D-A839-4E4E-8094-6F40D2DD6645}"
EndProject
Project("{FAE04EC0-301F-11D3-BF4B-00C04F79EFBC}") = "SISLAB.Infrastructure", "src\Shared\SISLAB.Infrastructure\SISLAB.Infrastructure.csproj", "{5853F2D6-B075-4B77-BE8E-D16155861515}"
EndProject
Project("{2150E333-8FDC-42A3-9474-1A3956D46DE8}") = "Host", "Host", "{D9507B4C-1C36-49EA-A55A-5101A8C8C43E}"
EndProject
Project("{FAE04EC0-301F-11D3-BF4B-00C04F79EFBC}") = "SISLAB.Api", "src\Host\SISLAB.Api\SISLAB.Api.csproj", "{3C43B293-BD1A-4310-93D8-C859FF9BB637}"
EndProject
Project("{2150E333-8FDC-42A3-9474-1A3956D46DE8}") = "Jobs", "Jobs", "{5FF986E4-772C-43B5-B8E8-F9EFF1BD46D9}"
EndProject
Project("{FAE04EC0-301F-11D3-BF4B-00C04F79EFBC}") = "SISLAB.Jobs", "src\Jobs\SISLAB.Jobs\SISLAB.Jobs.csproj", "{1301DCA9-DA7B-4743-87AA-62D850D972EE}"
EndProject
Project("{2150E333-8FDC-42A3-9474-1A3956D46DE8}") = "Identity", "Identity", "{25C0FDEA-D0F3-41C8-ADAD-C015FE7C3393}"
EndProject
Project("{FAE04EC0-301F-11D3-BF4B-00C04F79EFBC}") = "SISLAB.Modules.Identity.Domain", "src\Modules\Identity\SISLAB.Modules.Identity.Domain\SISLAB.Modules.Identity.Domain.csproj", "{53FA52D1-F193-4DA2-8E55-8945C95A65FB}"
EndProject
Project("{FAE04EC0-301F-11D3-BF4B-00C04F79EFBC}") = "SISLAB.Modules.Identity.Application", "src\Modules\Identity\SISLAB.Modules.Identity.Application\SISLAB.Modules.Identity.Application.csproj", "{4683CE94-E8A8-4A81-AAE8-F57692737479}"
EndProject
Project("{FAE04EC0-301F-11D3-BF4B-00C04F79EFBC}") = "SISLAB.Modules.Identity.Infrastructure", "src\Modules\Identity\SISLAB.Modules.Identity.Infrastructure\SISLAB.Modules.Identity.Infrastructure.csproj", "{FC56CC48-8375-4379-A5C6-AD76A5CC7722}"
EndProject
Project("{FAE04EC0-301F-11D3-BF4B-00C04F79EFBC}") = "SISLAB.Modules.Identity.Contracts", "src\Modules\Identity\SISLAB.Modules.Identity.Contracts\SISLAB.Modules.Identity.Contracts.csproj", "{78CAF172-0600-4B10-97DC-A12DFB298E45}"
EndProject
Project("{2150E333-8FDC-42A3-9474-1A3956D46DE8}") = "Inventory", "Inventory", "{D8932E17-A3AE-41FB-8E6A-EA338ADE72EC}"
EndProject
Project("{FAE04EC0-301F-11D3-BF4B-00C04F79EFBC}") = "SISLAB.Modules.Inventory.Domain", "src\Modules\Inventory\SISLAB.Modules.Inventory.Domain\SISLAB.Modules.Inventory.Domain.csproj", "{3DF03AFF-DE99-44DD-91E5-9BEE90C9DE90}"
EndProject
Project("{FAE04EC0-301F-11D3-BF4B-00C04F79EFBC}") = "SISLAB.Modules.Inventory.Application", "src\Modules\Inventory\SISLAB.Modules.Inventory.Application\SISLAB.Modules.Inventory.Application.csproj", "{5F3AC7EB-7D74-4D54-9FC9-177D08B28993}"
EndProject
Project("{FAE04EC0-301F-11D3-BF4B-00C04F79EFBC}") = "SISLAB.Modules.Inventory.Infrastructure", "src\Modules\Inventory\SISLAB.Modules.Inventory.Infrastructure\SISLAB.Modules.Inventory.Infrastructure.csproj", "{81AB9DA5-49E5-4286-85D5-3FA3450DEBD4}"
EndProject
Project("{FAE04EC0-301F-11D3-BF4B-00C04F79EFBC}") = "SISLAB.Modules.Inventory.Contracts", "src\Modules\Inventory\SISLAB.Modules.Inventory.Contracts\SISLAB.Modules.Inventory.Contracts.csproj", "{9EC642D5-B307-4F35-8A5E-38DF810C478F}"
EndProject
Project("{2150E333-8FDC-42A3-9474-1A3956D46DE8}") = "Tests", "Tests", "{8FBC5EE1-4C1C-429D-9DC9-F9704447627B}"
EndProject
Project("{FAE04EC0-301F-11D3-BF4B-00C04F79EFBC}") = "SISLAB.SharedKernel.Tests", "tests\SISLAB.SharedKernel.Tests\SISLAB.SharedKernel.Tests.csproj", "{3A4AA13C-43EE-425C-8240-3C07E0CC888D}"
EndProject
Project("{FAE04EC0-301F-11D3-BF4B-00C04F79EFBC}") = "SISLAB.ArchitectureTests", "tests\SISLAB.ArchitectureTests\SISLAB.ArchitectureTests.csproj", "{6363E35F-7B6D-4864-9E4D-0B17941F4832}"
EndProject
Project("{FAE04EC0-301F-11D3-BF4B-00C04F79EFBC}") = "SISLAB.Modules.Identity.Tests", "tests\SISLAB.Modules.Identity.Tests\SISLAB.Modules.Identity.Tests.csproj", "{7A4DEBE6-ADC3-4A01-AF4D-110334BD59EE}"
EndProject
Project("{FAE04EC0-301F-11D3-BF4B-00C04F79EFBC}") = "SISLAB.Modules.Inventory.Tests", "tests\SISLAB.Modules.Inventory.Tests\SISLAB.Modules.Inventory.Tests.csproj", "{43A4F181-783D-4241-916A-5B14A03F18EB}"
EndProject
Project("{FAE04EC0-301F-11D3-BF4B-00C04F79EFBC}") = "SISLAB.Infrastructure.Tests", "tests\SISLAB.Infrastructure.Tests\SISLAB.Infrastructure.Tests.csproj", "{7671540E-E382-4CC1-8C5F-E71F5998C050}"
EndProject
Project("{FAE04EC0-301F-11D3-BF4B-00C04F79EFBC}") = "SISLAB.Api.Tests", "tests\SISLAB.Api.Tests\SISLAB.Api.Tests.csproj", "{C84F885E-D048-496F-BEB3-2384276E82D6}"
EndProject
Project("{FAE04EC0-301F-11D3-BF4B-00C04F79EFBC}") = "SISLAB.Jobs.Tests", "tests\SISLAB.Jobs.Tests\SISLAB.Jobs.Tests.csproj", "{D1F3FF00-A6D4-401C-8292-81B48C74813C}"
EndProject
Project("{2150E333-8FDC-42A3-9474-1A3956D46DE8}") = "Notifications", "Notifications", "{ACB7123C-B370-4395-A4F6-07E05E589450}"
EndProject
Project("{FAE04EC0-301F-11D3-BF4B-00C04F79EFBC}") = "SISLAB.Modules.Notifications.Domain", "src\Modules\Notifications\SISLAB.Modules.Notifications.Domain\SISLAB.Modules.Notifications.Domain.csproj", "{852D3AEB-18C9-4446-8E00-C5749752EE59}"
EndProject
Project("{FAE04EC0-301F-11D3-BF4B-00C04F79EFBC}") = "SISLAB.Modules.Notifications.Contracts", "src\Modules\Notifications\SISLAB.Modules.Notifications.Contracts\SISLAB.Modules.Notifications.Contracts.csproj", "{923560CA-DEFB-4980-8A18-0D97FDDD9BA1}"
EndProject
Project("{FAE04EC0-301F-11D3-BF4B-00C04F79EFBC}") = "SISLAB.Modules.Notifications.Infrastructure", "src\Modules\Notifications\SISLAB.Modules.Notifications.Infrastructure\SISLAB.Modules.Notifications.Infrastructure.csproj", "{C331D38D-E4CE-4645-9942-0F4A7B682359}"
EndProject
Project("{FAE04EC0-301F-11D3-BF4B-00C04F79EFBC}") = "SISLAB.Modules.Notifications.Application", "src\Modules\Notifications\SISLAB.Modules.Notifications.Application\SISLAB.Modules.Notifications.Application.csproj", "{A669DDD4-D869-4C65-847D-79ED9FA2DA41}"
EndProject
Project("{FAE04EC0-301F-11D3-BF4B-00C04F79EFBC}") = "SISLAB.Modules.Notifications.Tests", "tests\SISLAB.Modules.Notifications.Tests\SISLAB.Modules.Notifications.Tests.csproj", "{4A97FB17-D5E7-40EE-83C6-A4EF184CD9B3}"
EndProject
Project("{FAE04EC0-301F-11D3-BF4B-00C04F79EFBC}") = "SISLAB.TestSupport", "tests\SISLAB.TestSupport\SISLAB.TestSupport.csproj", "{9E473A77-C532-4931-BC5F-CF1F1759D62B}"
EndProject
Project("{2150E333-8FDC-42A3-9474-1A3956D46DE8}") = "Audit", "Audit", "{606C74BC-A0ED-4A98-89D9-0339965FF113}"
EndProject
Project("{FAE04EC0-301F-11D3-BF4B-00C04F79EFBC}") = "SISLAB.Modules.Audit.Contracts", "src\Modules\Audit\SISLAB.Modules.Audit.Contracts\SISLAB.Modules.Audit.Contracts.csproj", "{904CE1ED-37E3-422F-B7AC-F0CF5FC2DA5E}"
EndProject
Project("{FAE04EC0-301F-11D3-BF4B-00C04F79EFBC}") = "SISLAB.Modules.Audit.Application", "src\Modules\Audit\SISLAB.Modules.Audit.Application\SISLAB.Modules.Audit.Application.csproj", "{21F1C9AC-01F0-4FD0-8C94-EEB486331FF5}"
EndProject
Project("{FAE04EC0-301F-11D3-BF4B-00C04F79EFBC}") = "SISLAB.Modules.Audit.Infrastructure", "src\Modules\Audit\SISLAB.Modules.Audit.Infrastructure\SISLAB.Modules.Audit.Infrastructure.csproj", "{99C345E7-C87E-4E5E-A059-45822ACD20FF}"
EndProject
Project("{FAE04EC0-301F-11D3-BF4B-00C04F79EFBC}") = "SISLAB.Modules.Audit.Tests", "tests\SISLAB.Modules.Audit.Tests\SISLAB.Modules.Audit.Tests.csproj", "{AFA62119-B3CF-441C-998C-9E5D326537A1}"
EndProject
Project("{2150E333-8FDC-42A3-9474-1A3956D46DE8}") = "Configuration", "Configuration", "{EB4D8678-A4A5-42E4-9B15-91B03310999B}"
EndProject
Project("{FAE04EC0-301F-11D3-BF4B-00C04F79EFBC}") = "SISLAB.Modules.Configuration.Domain", "src\Modules\Configuration\SISLAB.Modules.Configuration.Domain\SISLAB.Modules.Configuration.Domain.csproj", "{70372000-D95F-4F17-92F2-FDE4FD09481A}"
EndProject
Project("{FAE04EC0-301F-11D3-BF4B-00C04F79EFBC}") = "SISLAB.Modules.Configuration.Contracts", "src\Modules\Configuration\SISLAB.Modules.Configuration.Contracts\SISLAB.Modules.Configuration.Contracts.csproj", "{B8D5A21A-3958-4968-89F3-7BDA09180C1D}"
EndProject
Project("{FAE04EC0-301F-11D3-BF4B-00C04F79EFBC}") = "SISLAB.Modules.Configuration.Infrastructure", "src\Modules\Configuration\SISLAB.Modules.Configuration.Infrastructure\SISLAB.Modules.Configuration.Infrastructure.csproj", "{B43971B6-99B0-4622-99AA-7F78FD971F93}"
EndProject
Project("{FAE04EC0-301F-11D3-BF4B-00C04F79EFBC}") = "SISLAB.Modules.Configuration.Application", "src\Modules\Configuration\SISLAB.Modules.Configuration.Application\SISLAB.Modules.Configuration.Application.csproj", "{15ACC42C-4A6C-4596-966A-F28903D2620A}"
EndProject
Project("{FAE04EC0-301F-11D3-BF4B-00C04F79EFBC}") = "SISLAB.Modules.Configuration.Tests", "tests\SISLAB.Modules.Configuration.Tests\SISLAB.Modules.Configuration.Tests.csproj", "{3A18846F-34B3-49AC-AA7C-D973A6CBA225}"
EndProject
Project("{2150E333-8FDC-42A3-9474-1A3956D46DE8}") = "Migrations", "Migrations", "{B5F0E3D1-8C2A-4F91-A76E-9D3BC8420E67}"
EndProject
Project("{FAE04EC0-301F-11D3-BF4B-00C04F79EFBC}") = "SISLAB.Migrations", "src\SISLAB.Migrations\SISLAB.Migrations.csproj", "{E82A3893-0DB5-4E14-A397-1AB06CADE8D9}"
EndProject
Global
	GlobalSection(SolutionConfigurationPlatforms) = preSolution
		Debug|Any CPU = Debug|Any CPU
		Release|Any CPU = Release|Any CPU
	EndGlobalSection
	GlobalSection(ProjectConfigurationPlatforms) = postSolution
		{A793684D-A839-4E4E-8094-6F40D2DD6645}.Debug|Any CPU.ActiveCfg = Debug|Any CPU
		{A793684D-A839-4E4E-8094-6F40D2DD6645}.Debug|Any CPU.Build.0 = Debug|Any CPU
		{A793684D-A839-4E4E-8094-6F40D2DD6645}.Release|Any CPU.ActiveCfg = Release|Any CPU
		{A793684D-A839-4E4E-8094-6F40D2DD6645}.Release|Any CPU.Build.0 = Release|Any CPU
		{5853F2D6-B075-4B77-BE8E-D16155861515}.Debug|Any CPU.ActiveCfg = Debug|Any CPU
		{5853F2D6-B075-4B77-BE8E-D16155861515}.Debug|Any CPU.Build.0 = Debug|Any CPU
		{5853F2D6-B075-4B77-BE8E-D16155861515}.Release|Any CPU.ActiveCfg = Release|Any CPU
		{5853F2D6-B075-4B77-BE8E-D16155861515}.Release|Any CPU.Build.0 = Release|Any CPU
		{3C43B293-BD1A-4310-93D8-C859FF9BB637}.Debug|Any CPU.ActiveCfg = Debug|Any CPU
		{3C43B293-BD1A-4310-93D8-C859FF9BB637}.Debug|Any CPU.Build.0 = Debug|Any CPU
		{3C43B293-BD1A-4310-93D8-C859FF9BB637}.Release|Any CPU.ActiveCfg = Release|Any CPU
		{3C43B293-BD1A-4310-93D8-C859FF9BB637}.Release|Any CPU.Build.0 = Release|Any CPU
		{1301DCA9-DA7B-4743-87AA-62D850D972EE}.Debug|Any CPU.ActiveCfg = Debug|Any CPU
		{1301DCA9-DA7B-4743-87AA-62D850D972EE}.Debug|Any CPU.Build.0 = Debug|Any CPU
		{1301DCA9-DA7B-4743-87AA-62D850D972EE}.Release|Any CPU.ActiveCfg = Release|Any CPU
		{1301DCA9-DA7B-4743-87AA-62D850D972EE}.Release|Any CPU.Build.0 = Release|Any CPU
		{53FA52D1-F193-4DA2-8E55-8945C95A65FB}.Debug|Any CPU.ActiveCfg = Debug|Any CPU
		{53FA52D1-F193-4DA2-8E55-8945C95A65FB}.Debug|Any CPU.Build.0 = Debug|Any CPU
		{53FA52D1-F193-4DA2-8E55-8945C95A65FB}.Release|Any CPU.ActiveCfg = Release|Any CPU
		{53FA52D1-F193-4DA2-8E55-8945C95A65FB}.Release|Any CPU.Build.0 = Release|Any CPU
		{4683CE94-E8A8-4A81-AAE8-F57692737479}.Debug|Any CPU.ActiveCfg = Debug|Any CPU
		{4683CE94-E8A8-4A81-AAE8-F57692737479}.Debug|Any CPU.Build.0 = Debug|Any CPU
		{4683CE94-E8A8-4A81-AAE8-F57692737479}.Release|Any CPU.ActiveCfg = Release|Any CPU
		{4683CE94-E8A8-4A81-AAE8-F57692737479}.Release|Any CPU.Build.0 = Release|Any CPU
		{FC56CC48-8375-4379-A5C6-AD76A5CC7722}.Debug|Any CPU.ActiveCfg = Debug|Any CPU
		{FC56CC48-8375-4379-A5C6-AD76A5CC7722}.Debug|Any CPU.Build.0 = Debug|Any CPU
		{FC56CC48-8375-4379-A5C6-AD76A5CC7722}.Release|Any CPU.ActiveCfg = Release|Any CPU
		{FC56CC48-8375-4379-A5C6-AD76A5CC7722}.Release|Any CPU.Build.0 = Release|Any CPU
		{78CAF172-0600-4B10-97DC-A12DFB298E45}.Debug|Any CPU.ActiveCfg = Debug|Any CPU
		{78CAF172-0600-4B10-97DC-A12DFB298E45}.Debug|Any CPU.Build.0 = Debug|Any CPU
		{78CAF172-0600-4B10-97DC-A12DFB298E45}.Release|Any CPU.ActiveCfg = Release|Any CPU
		{78CAF172-0600-4B10-97DC-A12DFB298E45}.Release|Any CPU.Build.0 = Release|Any CPU
		{3DF03AFF-DE99-44DD-91E5-9BEE90C9DE90}.Debug|Any CPU.ActiveCfg = Debug|Any CPU
		{3DF03AFF-DE99-44DD-91E5-9BEE90C9DE90}.Debug|Any CPU.Build.0 = Debug|Any CPU
		{3DF03AFF-DE99-44DD-91E5-9BEE90C9DE90}.Release|Any CPU.ActiveCfg = Release|Any CPU
		{3DF03AFF-DE99-44DD-91E5-9BEE90C9DE90}.Release|Any CPU.Build.0 = Release|Any CPU
		{5F3AC7EB-7D74-4D54-9FC9-177D08B28993}.Debug|Any CPU.ActiveCfg = Debug|Any CPU
		{5F3AC7EB-7D74-4D54-9FC9-177D08B28993}.Debug|Any CPU.Build.0 = Debug|Any CPU
		{5F3AC7EB-7D74-4D54-9FC9-177D08B28993}.Release|Any CPU.ActiveCfg = Release|Any CPU
		{5F3AC7EB-7D74-4D54-9FC9-177D08B28993}.Release|Any CPU.Build.0 = Release|Any CPU
		{81AB9DA5-49E5-4286-85D5-3FA3450DEBD4}.Debug|Any CPU.ActiveCfg = Debug|Any CPU
		{81AB9DA5-49E5-4286-85D5-3FA3450DEBD4}.Debug|Any CPU.Build.0 = Debug|Any CPU
		{81AB9DA5-49E5-4286-85D5-3FA3450DEBD4}.Release|Any CPU.ActiveCfg = Release|Any CPU
		{81AB9DA5-49E5-4286-85D5-3FA3450DEBD4}.Release|Any CPU.Build.0 = Release|Any CPU
		{9EC642D5-B307-4F35-8A5E-38DF810C478F}.Debug|Any CPU.ActiveCfg = Debug|Any CPU
		{9EC642D5-B307-4F35-8A5E-38DF810C478F}.Debug|Any CPU.Build.0 = Debug|Any CPU
		{9EC642D5-B307-4F35-8A5E-38DF810C478F}.Release|Any CPU.ActiveCfg = Release|Any CPU
		{9EC642D5-B307-4F35-8A5E-38DF810C478F}.Release|Any CPU.Build.0 = Release|Any CPU
		{3A4AA13C-43EE-425C-8240-3C07E0CC888D}.Debug|Any CPU.ActiveCfg = Debug|Any CPU
		{3A4AA13C-43EE-425C-8240-3C07E0CC888D}.Debug|Any CPU.Build.0 = Debug|Any CPU
		{3A4AA13C-43EE-425C-8240-3C07E0CC888D}.Release|Any CPU.ActiveCfg = Release|Any CPU
		{3A4AA13C-43EE-425C-8240-3C07E0CC888D}.Release|Any CPU.Build.0 = Release|Any CPU
		{6363E35F-7B6D-4864-9E4D-0B17941F4832}.Debug|Any CPU.ActiveCfg = Debug|Any CPU
		{6363E35F-7B6D-4864-9E4D-0B17941F4832}.Debug|Any CPU.Build.0 = Debug|Any CPU
		{6363E35F-7B6D-4864-9E4D-0B17941F4832}.Release|Any CPU.ActiveCfg = Release|Any CPU
		{6363E35F-7B6D-4864-9E4D-0B17941F4832}.Release|Any CPU.Build.0 = Release|Any CPU
		{7A4DEBE6-ADC3-4A01-AF4D-110334BD59EE}.Debug|Any CPU.ActiveCfg = Debug|Any CPU
		{7A4DEBE6-ADC3-4A01-AF4D-110334BD59EE}.Debug|Any CPU.Build.0 = Debug|Any CPU
		{7A4DEBE6-ADC3-4A01-AF4D-110334BD59EE}.Release|Any CPU.ActiveCfg = Release|Any CPU
		{7A4DEBE6-ADC3-4A01-AF4D-110334BD59EE}.Release|Any CPU.Build.0 = Release|Any CPU
		{43A4F181-783D-4241-916A-5B14A03F18EB}.Debug|Any CPU.ActiveCfg = Debug|Any CPU
		{43A4F181-783D-4241-916A-5B14A03F18EB}.Debug|Any CPU.Build.0 = Debug|Any CPU
		{43A4F181-783D-4241-916A-5B14A03F18EB}.Release|Any CPU.ActiveCfg = Release|Any CPU
		{43A4F181-783D-4241-916A-5B14A03F18EB}.Release|Any CPU.Build.0 = Release|Any CPU
		{7671540E-E382-4CC1-8C5F-E71F5998C050}.Debug|Any CPU.ActiveCfg = Debug|Any CPU
		{7671540E-E382-4CC1-8C5F-E71F5998C050}.Debug|Any CPU.Build.0 = Debug|Any CPU
		{7671540E-E382-4CC1-8C5F-E71F5998C050}.Release|Any CPU.ActiveCfg = Release|Any CPU
		{7671540E-E382-4CC1-8C5F-E71F5998C050}.Release|Any CPU.Build.0 = Release|Any CPU
		{C84F885E-D048-496F-BEB3-2384276E82D6}.Debug|Any CPU.ActiveCfg = Debug|Any CPU
		{C84F885E-D048-496F-BEB3-2384276E82D6}.Debug|Any CPU.Build.0 = Debug|Any CPU
		{C84F885E-D048-496F-BEB3-2384276E82D6}.Release|Any CPU.ActiveCfg = Release|Any CPU
		{C84F885E-D048-496F-BEB3-2384276E82D6}.Release|Any CPU.Build.0 = Release|Any CPU
		{D1F3FF00-A6D4-401C-8292-81B48C74813C}.Debug|Any CPU.ActiveCfg = Debug|Any CPU
		{D1F3FF00-A6D4-401C-8292-81B48C74813C}.Debug|Any CPU.Build.0 = Debug|Any CPU
		{D1F3FF00-A6D4-401C-8292-81B48C74813C}.Release|Any CPU.ActiveCfg = Release|Any CPU
		{D1F3FF00-A6D4-401C-8292-81B48C74813C}.Release|Any CPU.Build.0 = Release|Any CPU
		{852D3AEB-18C9-4446-8E00-C5749752EE59}.Debug|Any CPU.ActiveCfg = Debug|Any CPU
		{852D3AEB-18C9-4446-8E00-C5749752EE59}.Debug|Any CPU.Build.0 = Debug|Any CPU
		{852D3AEB-18C9-4446-8E00-C5749752EE59}.Release|Any CPU.ActiveCfg = Release|Any CPU
		{852D3AEB-18C9-4446-8E00-C5749752EE59}.Release|Any CPU.Build.0 = Release|Any CPU
		{923560CA-DEFB-4980-8A18-0D97FDDD9BA1}.Debug|Any CPU.ActiveCfg = Debug|Any CPU
		{923560CA-DEFB-4980-8A18-0D97FDDD9BA1}.Debug|Any CPU.Build.0 = Debug|Any CPU
		{923560CA-DEFB-4980-8A18-0D97FDDD9BA1}.Release|Any CPU.ActiveCfg = Release|Any CPU
		{923560CA-DEFB-4980-8A18-0D97FDDD9BA1}.Release|Any CPU.Build.0 = Release|Any CPU
		{C331D38D-E4CE-4645-9942-0F4A7B682359}.Debug|Any CPU.ActiveCfg = Debug|Any CPU
		{C331D38D-E4CE-4645-9942-0F4A7B682359}.Debug|Any CPU.Build.0 = Debug|Any CPU
		{C331D38D-E4CE-4645-9942-0F4A7B682359}.Release|Any CPU.ActiveCfg = Release|Any CPU
		{C331D38D-E4CE-4645-9942-0F4A7B682359}.Release|Any CPU.Build.0 = Release|Any CPU
		{A669DDD4-D869-4C65-847D-79ED9FA2DA41}.Debug|Any CPU.ActiveCfg = Debug|Any CPU
		{A669DDD4-D869-4C65-847D-79ED9FA2DA41}.Debug|Any CPU.Build.0 = Debug|Any CPU
		{A669DDD4-D869-4C65-847D-79ED9FA2DA41}.Release|Any CPU.ActiveCfg = Release|Any CPU
		{A669DDD4-D869-4C65-847D-79ED9FA2DA41}.Release|Any CPU.Build.0 = Release|Any CPU
		{4A97FB17-D5E7-40EE-83C6-A4EF184CD9B3}.Debug|Any CPU.ActiveCfg = Debug|Any CPU
		{4A97FB17-D5E7-40EE-83C6-A4EF184CD9B3}.Debug|Any CPU.Build.0 = Debug|Any CPU
		{4A97FB17-D5E7-40EE-83C6-A4EF184CD9B3}.Release|Any CPU.ActiveCfg = Release|Any CPU
		{4A97FB17-D5E7-40EE-83C6-A4EF184CD9B3}.Release|Any CPU.Build.0 = Release|Any CPU
		{9E473A77-C532-4931-BC5F-CF1F1759D62B}.Debug|Any CPU.ActiveCfg = Debug|Any CPU
		{9E473A77-C532-4931-BC5F-CF1F1759D62B}.Debug|Any CPU.Build.0 = Debug|Any CPU
		{9E473A77-C532-4931-BC5F-CF1F1759D62B}.Release|Any CPU.ActiveCfg = Release|Any CPU
		{9E473A77-C532-4931-BC5F-CF1F1759D62B}.Release|Any CPU.Build.0 = Release|Any CPU
		{904CE1ED-37E3-422F-B7AC-F0CF5FC2DA5E}.Debug|Any CPU.ActiveCfg = Debug|Any CPU
		{904CE1ED-37E3-422F-B7AC-F0CF5FC2DA5E}.Debug|Any CPU.Build.0 = Debug|Any CPU
		{904CE1ED-37E3-422F-B7AC-F0CF5FC2DA5E}.Release|Any CPU.ActiveCfg = Release|Any CPU
		{904CE1ED-37E3-422F-B7AC-F0CF5FC2DA5E}.Release|Any CPU.Build.0 = Release|Any CPU
		{21F1C9AC-01F0-4FD0-8C94-EEB486331FF5}.Debug|Any CPU.ActiveCfg = Debug|Any CPU
		{21F1C9AC-01F0-4FD0-8C94-EEB486331FF5}.Debug|Any CPU.Build.0 = Debug|Any CPU
		{21F1C9AC-01F0-4FD0-8C94-EEB486331FF5}.Release|Any CPU.ActiveCfg = Release|Any CPU
		{21F1C9AC-01F0-4FD0-8C94-EEB486331FF5}.Release|Any CPU.Build.0 = Release|Any CPU
		{99C345E7-C87E-4E5E-A059-45822ACD20FF}.Debug|Any CPU.ActiveCfg = Debug|Any CPU
		{99C345E7-C87E-4E5E-A059-45822ACD20FF}.Debug|Any CPU.Build.0 = Debug|Any CPU
		{99C345E7-C87E-4E5E-A059-45822ACD20FF}.Release|Any CPU.ActiveCfg = Release|Any CPU
		{99C345E7-C87E-4E5E-A059-45822ACD20FF}.Release|Any CPU.Build.0 = Release|Any CPU
		{AFA62119-B3CF-441C-998C-9E5D326537A1}.Debug|Any CPU.ActiveCfg = Debug|Any CPU
		{AFA62119-B3CF-441C-998C-9E5D326537A1}.Debug|Any CPU.Build.0 = Debug|Any CPU
		{AFA62119-B3CF-441C-998C-9E5D326537A1}.Release|Any CPU.ActiveCfg = Release|Any CPU
		{AFA62119-B3CF-441C-998C-9E5D326537A1}.Release|Any CPU.Build.0 = Release|Any CPU
		{70372000-D95F-4F17-92F2-FDE4FD09481A}.Debug|Any CPU.ActiveCfg = Debug|Any CPU
		{70372000-D95F-4F17-92F2-FDE4FD09481A}.Debug|Any CPU.Build.0 = Debug|Any CPU
		{70372000-D95F-4F17-92F2-FDE4FD09481A}.Release|Any CPU.ActiveCfg = Release|Any CPU
		{70372000-D95F-4F17-92F2-FDE4FD09481A}.Release|Any CPU.Build.0 = Release|Any CPU
		{B8D5A21A-3958-4968-89F3-7BDA09180C1D}.Debug|Any CPU.ActiveCfg = Debug|Any CPU
		{B8D5A21A-3958-4968-89F3-7BDA09180C1D}.Debug|Any CPU.Build.0 = Debug|Any CPU
		{B8D5A21A-3958-4968-89F3-7BDA09180C1D}.Release|Any CPU.ActiveCfg = Release|Any CPU
		{B8D5A21A-3958-4968-89F3-7BDA09180C1D}.Release|Any CPU.Build.0 = Release|Any CPU
		{B43971B6-99B0-4622-99AA-7F78FD971F93}.Debug|Any CPU.ActiveCfg = Debug|Any CPU
		{B43971B6-99B0-4622-99AA-7F78FD971F93}.Debug|Any CPU.Build.0 = Debug|Any CPU
		{B43971B6-99B0-4622-99AA-7F78FD971F93}.Release|Any CPU.ActiveCfg = Release|Any CPU
		{B43971B6-99B0-4622-99AA-7F78FD971F93}.Release|Any CPU.Build.0 = Release|Any CPU
		{15ACC42C-4A6C-4596-966A-F28903D2620A}.Debug|Any CPU.ActiveCfg = Debug|Any CPU
		{15ACC42C-4A6C-4596-966A-F28903D2620A}.Debug|Any CPU.Build.0 = Debug|Any CPU
		{15ACC42C-4A6C-4596-966A-F28903D2620A}.Release|Any CPU.ActiveCfg = Release|Any CPU
		{15ACC42C-4A6C-4596-966A-F28903D2620A}.Release|Any CPU.Build.0 = Release|Any CPU
		{3A18846F-34B3-49AC-AA7C-D973A6CBA225}.Debug|Any CPU.ActiveCfg = Debug|Any CPU
		{3A18846F-34B3-49AC-AA7C-D973A6CBA225}.Debug|Any CPU.Build.0 = Debug|Any CPU
		{3A18846F-34B3-49AC-AA7C-D973A6CBA225}.Release|Any CPU.ActiveCfg = Release|Any CPU
		{3A18846F-34B3-49AC-AA7C-D973A6CBA225}.Release|Any CPU.Build.0 = Release|Any CPU
		{E82A3893-0DB5-4E14-A397-1AB06CADE8D9}.Debug|Any CPU.ActiveCfg = Debug|Any CPU
		{E82A3893-0DB5-4E14-A397-1AB06CADE8D9}.Debug|Any CPU.Build.0 = Debug|Any CPU
		{E82A3893-0DB5-4E14-A397-1AB06CADE8D9}.Release|Any CPU.ActiveCfg = Release|Any CPU
		{E82A3893-0DB5-4E14-A397-1AB06CADE8D9}.Release|Any CPU.Build.0 = Release|Any CPU
	EndGlobalSection
	GlobalSection(NestedProjects) = preSolution
		{A793684D-A839-4E4E-8094-6F40D2DD6645} = {74C1DD44-E596-47AE-8F36-9C4D3FA01EEE}
		{5853F2D6-B075-4B77-BE8E-D16155861515} = {74C1DD44-E596-47AE-8F36-9C4D3FA01EEE}
		{3C43B293-BD1A-4310-93D8-C859FF9BB637} = {D9507B4C-1C36-49EA-A55A-5101A8C8C43E}
		{1301DCA9-DA7B-4743-87AA-62D850D972EE} = {5FF986E4-772C-43B5-B8E8-F9EFF1BD46D9}
		{25C0FDEA-D0F3-41C8-ADAD-C015FE7C3393} = {53550E84-C631-4E42-AD41-173131F1E885}
		{53FA52D1-F193-4DA2-8E55-8945C95A65FB} = {25C0FDEA-D0F3-41C8-ADAD-C015FE7C3393}
		{4683CE94-E8A8-4A81-AAE8-F57692737479} = {25C0FDEA-D0F3-41C8-ADAD-C015FE7C3393}
		{FC56CC48-8375-4379-A5C6-AD76A5CC7722} = {25C0FDEA-D0F3-41C8-ADAD-C015FE7C3393}
		{78CAF172-0600-4B10-97DC-A12DFB298E45} = {25C0FDEA-D0F3-41C8-ADAD-C015FE7C3393}
		{D8932E17-A3AE-41FB-8E6A-EA338ADE72EC} = {53550E84-C631-4E42-AD41-173131F1E885}
		{3DF03AFF-DE99-44DD-91E5-9BEE90C9DE90} = {D8932E17-A3AE-41FB-8E6A-EA338ADE72EC}
		{5F3AC7EB-7D74-4D54-9FC9-177D08B28993} = {D8932E17-A3AE-41FB-8E6A-EA338ADE72EC}
		{81AB9DA5-49E5-4286-85D5-3FA3450DEBD4} = {D8932E17-A3AE-41FB-8E6A-EA338ADE72EC}
		{9EC642D5-B307-4F35-8A5E-38DF810C478F} = {D8932E17-A3AE-41FB-8E6A-EA338ADE72EC}
		{3A4AA13C-43EE-425C-8240-3C07E0CC888D} = {8FBC5EE1-4C1C-429D-9DC9-F9704447627B}
		{6363E35F-7B6D-4864-9E4D-0B17941F4832} = {8FBC5EE1-4C1C-429D-9DC9-F9704447627B}
		{7A4DEBE6-ADC3-4A01-AF4D-110334BD59EE} = {8FBC5EE1-4C1C-429D-9DC9-F9704447627B}
		{43A4F181-783D-4241-916A-5B14A03F18EB} = {8FBC5EE1-4C1C-429D-9DC9-F9704447627B}
		{7671540E-E382-4CC1-8C5F-E71F5998C050} = {8FBC5EE1-4C1C-429D-9DC9-F9704447627B}
		{C84F885E-D048-496F-BEB3-2384276E82D6} = {8FBC5EE1-4C1C-429D-9DC9-F9704447627B}
		{D1F3FF00-A6D4-401C-8292-81B48C74813C} = {8FBC5EE1-4C1C-429D-9DC9-F9704447627B}
		{ACB7123C-B370-4395-A4F6-07E05E589450} = {53550E84-C631-4E42-AD41-173131F1E885}
		{852D3AEB-18C9-4446-8E00-C5749752EE59} = {ACB7123C-B370-4395-A4F6-07E05E589450}
		{923560CA-DEFB-4980-8A18-0D97FDDD9BA1} = {ACB7123C-B370-4395-A4F6-07E05E589450}
		{C331D38D-E4CE-4645-9942-0F4A7B682359} = {ACB7123C-B370-4395-A4F6-07E05E589450}
		{A669DDD4-D869-4C65-847D-79ED9FA2DA41} = {ACB7123C-B370-4395-A4F6-07E05E589450}
		{4A97FB17-D5E7-40EE-83C6-A4EF184CD9B3} = {8FBC5EE1-4C1C-429D-9DC9-F9704447627B}
		{9E473A77-C532-4931-BC5F-CF1F1759D62B} = {8FBC5EE1-4C1C-429D-9DC9-F9704447627B}
		{606C74BC-A0ED-4A98-89D9-0339965FF113} = {53550E84-C631-4E42-AD41-173131F1E885}
		{904CE1ED-37E3-422F-B7AC-F0CF5FC2DA5E} = {606C74BC-A0ED-4A98-89D9-0339965FF113}
		{21F1C9AC-01F0-4FD0-8C94-EEB486331FF5} = {606C74BC-A0ED-4A98-89D9-0339965FF113}
		{99C345E7-C87E-4E5E-A059-45822ACD20FF} = {606C74BC-A0ED-4A98-89D9-0339965FF113}
		{AFA62119-B3CF-441C-998C-9E5D326537A1} = {8FBC5EE1-4C1C-429D-9DC9-F9704447627B}
		{70372000-D95F-4F17-92F2-FDE4FD09481A} = {EB4D8678-A4A5-42E4-9B15-91B03310999B}
		{B8D5A21A-3958-4968-89F3-7BDA09180C1D} = {EB4D8678-A4A5-42E4-9B15-91B03310999B}
		{B43971B6-99B0-4622-99AA-7F78FD971F93} = {EB4D8678-A4A5-42E4-9B15-91B03310999B}
		{15ACC42C-4A6C-4596-966A-F28903D2620A} = {EB4D8678-A4A5-42E4-9B15-91B03310999B}
		{3A18846F-34B3-49AC-AA7C-D973A6CBA225} = {8FBC5EE1-4C1C-429D-9DC9-F9704447627B}
		{E82A3893-0DB5-4E14-A397-1AB06CADE8D9} = {B5F0E3D1-8C2A-4F91-A76E-9D3BC8420E67}
	EndGlobalSection
EndGlobal
