
Microsoft Visual Studio Solution File, Format Version 12.00
# 
Project("{2150E333-8FDC-42A3-9474-1A3956D46DE8}") = "Modules", "Modules", "{53550E84-C631-4E42-AD41-173131F1E885}"
EndProject
Project("{2150E333-8FDC-42A3-9474-1A3956D46DE8}") = "Shared", "Shared", "{74C1DD44-E596-47AE-8F36-9C4D3FA01EEE}"
EndProject
Project("{FAE04EC0-301F-11D3-BF4B-00C04F79EFBC}") = "SISLAB.SharedKernel", "src\Shared\SISLAB.SharedKernel\SISLAB.SharedKernel.csproj", "{A793684D-A839-4E4E-8094-6F40D2DD6645}"
EndProject
Project("{FAE04EC0-301F-11D3-BF4B-00C04F79EFBC}") = "SISLAB.Infrastructure", "src\Shared\SISLAB.Infrastructure\SISLAB.Infrastructure.csproj", "{5853F2D6-B075-4B77-BE8E-D16155861515}"
EndProject
Project("{2150E333-8FDC-42A3-9474-1A3956D46DE8}") = "Host", "Host", "{D9507B4C-1C36-49EA-A55A-5101A8C8C43E}"
EndProject
Project("{FAE04EC0-301F-11D3-BF4B-00C04F79EFBC}") = "SISLAB.Api", "src\Host\SISLAB.Api\SISLAB.Api.csproj", "{3C43B293-BD1A-4310-93D8-C859FF9BB637}"
EndProject
Project("{2150E333-8FDC-42A3-9474-1A3956D46DE8}") = "Jobs", "Jobs", "{5FF986E4-772C-43B5-B8E8-F9EFF1BD46D9}"
EndProject
Project("{FAE04EC0-301F-11D3-BF4B-00C04F79EFBC}") = "SISLAB.Jobs", "src\Jobs\SISLAB.Jobs\SISLAB.Jobs.csproj", "{1301DCA9-DA7B-4743-87AA-62D850D972EE}"
EndProject
Project("{2150E333-8FDC-42A3-9474-1A3956D46DE8}") = "Identity", "Identity", "{25C0FDEA-D0F3-41C8-ADAD-C015FE7C3393}"
EndProject
Project("{FAE04EC0-301F-11D3-BF4B-00C04F79EFBC}") = "SISLAB.Modules.Identity.Domain", "src\Modules\Identity\SISLAB.Modules.Identity.Domain\SISLAB.Modules.Identity.Domain.csproj", "{53FA52D1-F193-4DA2-8E55-8945C95A65FB}"
EndProject
Project("{FAE04EC0-301F-11D3-BF4B-00C04F79EFBC}") = "SISLAB.Modules.Identity.Application", "src\Modules\Identity\SISLAB.Modules.Identity.Application\SISLAB.Modules.Identity.Application.csproj", "{4683CE94-E8A8-4A81-AAE8-F57692737479}"
EndProject
Project("{FAE04EC0-301F-11D3-BF4B-00C04F79EFBC}") = "SISLAB.Modules.Identity.Infrastructure", "src\Modules\Identity\SISLAB.Modules.Identity.Infrastructure\SISLAB.Modules.Identity.Infrastructure.csproj", "{FC56CC48-8375-4379-A5C6-AD76A5CC7722}"
EndProject
Project("{FAE04EC0-301F-11D3-BF4B-00C04F79EFBC}") = "SISLAB.Modules.Identity.Contracts", "src\Modules\Identity\SISLAB.Modules.Identity.Contracts\SISLAB.Modules.Identity.Contracts.csproj", "{78CAF172-0600-4B10-97DC-A12DFB298E45}"
EndProject
Project("{2150E333-8FDC-42A3-9474-1A3956D46DE8}") = "Inventory", "Inventory", "{D8932E17-A3AE-41FB-8E6A-EA338ADE72EC}"
EndProject
Project("{FAE04EC0-301F-11D3-BF4B-00C04F79EFBC}") = "SISLAB.Modules.Inventory.Domain", "src\Modules\Inventory\SISLAB.Modules.Inventory.Domain\SISLAB.Modules.Inventory.Domain.csproj", "{3DF03AFF-DE99-44DD-91E5-9BEE90C9DE90}"
EndProject
Project("{FAE04EC0-301F-11D3-BF4B-00C04F79EFBC}") = "SISLAB.Modules.Inventory.Application", "src\Modules\Inventory\SISLAB.Modules.Inventory.Application\SISLAB.Modules.Inventory.Application.csproj", "{5F3AC7EB-7D74-4D54-9FC9-177D08B28993}"
EndProject
Project("{FAE04EC0-301F-11D3-BF4B-00C04F79EFBC}") = "SISLAB.Modules.Inventory.Infrastructure", "src\Modules\Inventory\SISLAB.Modules.Inventory.Infrastructure\SISLAB.Modules.Inventory.Infrastructure.csproj", "{81AB9DA5-49E5-4286-85D5-3FA3450DEBD4}"
EndProject
Project("{FAE04EC0-301F-11D3-BF4B-00C04F79EFBC}") = "SISLAB.Modules.Inventory.Contracts", "src\Modules\Inventory\SISLAB.Modules.Inventory.Contracts\SISLAB.Modules.Inventory.Contracts.csproj", "{9EC642D5-B307-4F35-8A5E-38DF810C478F}"
EndProject
Project("{2150E333-8FDC-42A3-9474-1A3956D46DE8}") = "Tests", "Tests", "{8FBC5EE1-4C1C-429D-9DC9-F9704447627B}"
EndProject
Project("{FAE04EC0-301F-11D3-BF4B-00C04F79EFBC}") = "SISLAB.SharedKernel.Tests", "tests\SISLAB.SharedKernel.Tests\SISLAB.SharedKernel.Tests.csproj", "{3A4AA13C-43EE-425C-8240-3C07E0CC888D}"
EndProject
Project("{FAE04EC0-301F-11D3-BF4B-00C04F79EFBC}") = "SISLAB.ArchitectureTests", "tests\SISLAB.ArchitectureTests\SISLAB.ArchitectureTests.csproj", "{6363E35F-7B6D-4864-9E4D-0B17941F4832}"
EndProject
Project("{FAE04EC0-301F-11D3-BF4B-00C04F79EFBC}") = "SISLAB.Modules.Identity.Tests", "tests\SISLAB.Modules.Identity.Tests\SISLAB.Modules.Identity.Tests.csproj", "{7A4DEBE6-ADC3-4A01-AF4D-110334BD59EE}"
EndProject
Project("{FAE04EC0-301F-11D3-BF4B-00C04F79EFBC}") = "SISLAB.Modules.Inventory.Tests", "tests\SISLAB.Modules.Inventory.Tests\SISLAB.Modules.Inventory.Tests.csproj", "{43A4F181-783D-4241-916A-5B14A03F18EB}"
EndProject
Project("{FAE04EC0-301F-11D3-BF4B-00C04F79EFBC}") = "SISLAB.Infrastructure.Tests", "tests\SISLAB.Infrastructure.Tests\SISLAB.Infrastructure.Tests.csproj", "{7671540E-E382-4CC1-8C5F-E71F5998C050}"
EndProject
Global
	GlobalSection(SolutionConfigurationPlatforms) = preSolution
		Debug|Any CPU = Debug|Any CPU
		Release|Any CPU = Release|Any CPU
	EndGlobalSection
	GlobalSection(ProjectConfigurationPlatforms) = postSolution
		{A793684D-A839-4E4E-8094-6F40D2DD6645}.Debug|Any CPU.ActiveCfg = Debug|Any CPU
		{A793684D-A839-4E4E-8094-6F40D2DD6645}.Debug|Any CPU.Build.0 = Debug|Any CPU
		{A793684D-A839-4E4E-8094-6F40D2DD6645}.Release|Any CPU.ActiveCfg = Release|Any CPU
		{A793684D-A839-4E4E-8094-6F40D2DD6645}.Release|Any CPU.Build.0 = Release|Any CPU
		{5853F2D6-B075-4B77-BE8E-D16155861515}.Debug|Any CPU.ActiveCfg = Debug|Any CPU
		{5853F2D6-B075-4B77-BE8E-D16155861515}.Debug|Any CPU.Build.0 = Debug|Any CPU
		{5853F2D6-B075-4B77-BE8E-D16155861515}.Release|Any CPU.ActiveCfg = Release|Any CPU
		{5853F2D6-B075-4B77-BE8E-D16155861515}.Release|Any CPU.Build.0 = Release|Any CPU
		{3C43B293-BD1A-4310-93D8-C859FF9BB637}.Debug|Any CPU.ActiveCfg = Debug|Any CPU
		{3C43B293-BD1A-4310-93D8-C859FF9BB637}.Debug|Any CPU.Build.0 = Debug|Any CPU
		{3C43B293-BD1A-4310-93D8-C859FF9BB637}.Release|Any CPU.ActiveCfg = Release|Any CPU
		{3C43B293-BD1A-4310-93D8-C859FF9BB637}.Release|Any CPU.Build.0 = Release|Any CPU
		{1301DCA9-DA7B-4743-87AA-62D850D972EE}.Debug|Any CPU.ActiveCfg = Debug|Any CPU
		{1301DCA9-DA7B-4743-87AA-62D850D972EE}.Debug|Any CPU.Build.0 = Debug|Any CPU
		{1301DCA9-DA7B-4743-87AA-62D850D972EE}.Release|Any CPU.ActiveCfg = Release|Any CPU
		{1301DCA9-DA7B-4743-87AA-62D850D972EE}.Release|Any CPU.Build.0 = Release|Any CPU
		{53FA52D1-F193-4DA2-8E55-8945C95A65FB}.Debug|Any CPU.ActiveCfg = Debug|Any CPU
		{53FA52D1-F193-4DA2-8E55-8945C95A65FB}.Debug|Any CPU.Build.0 = Debug|Any CPU
		{53FA52D1-F193-4DA2-8E55-8945C95A65FB}.Release|Any CPU.ActiveCfg = Release|Any CPU
		{53FA52D1-F193-4DA2-8E55-8945C95A65FB}.Release|Any CPU.Build.0 = Release|Any CPU
		{4683CE94-E8A8-4A81-AAE8-F57692737479}.Debug|Any CPU.ActiveCfg = Debug|Any CPU
		{4683CE94-E8A8-4A81-AAE8-F57692737479}.Debug|Any CPU.Build.0 = Debug|Any CPU
		{4683CE94-E8A8-4A81-AAE8-F57692737479}.Release|Any CPU.ActiveCfg = Release|Any CPU
		{4683CE94-E8A8-4A81-AAE8-F57692737479}.Release|Any CPU.Build.0 = Release|Any CPU
		{FC56CC48-8375-4379-A5C6-AD76A5CC7722}.Debug|Any CPU.ActiveCfg = Debug|Any CPU
		{FC56CC48-8375-4379-A5C6-AD76A5CC7722}.Debug|Any CPU.Build.0 = Debug|Any CPU
		{FC56CC48-8375-4379-A5C6-AD76A5CC7722}.Release|Any CPU.ActiveCfg = Release|Any CPU
		{FC56CC48-8375-4379-A5C6-AD76A5CC7722}.Release|Any CPU.Build.0 = Release|Any CPU
		{78CAF172-0600-4B10-97DC-A12DFB298E45}.Debug|Any CPU.ActiveCfg = Debug|Any CPU
		{78CAF172-0600-4B10-97DC-A12DFB298E45}.Debug|Any CPU.Build.0 = Debug|Any CPU
		{78CAF172-0600-4B10-97DC-A12DFB298E45}.Release|Any CPU.ActiveCfg = Release|Any CPU
		{78CAF172-0600-4B10-97DC-A12DFB298E45}.Release|Any CPU.Build.0 = Release|Any CPU
		{3DF03AFF-DE99-44DD-91E5-9BEE90C9DE90}.Debug|Any CPU.ActiveCfg = Debug|Any CPU
		{3DF03AFF-DE99-44DD-91E5-9BEE90C9DE90}.Debug|Any CPU.Build.0 = Debug|Any CPU
		{3DF03AFF-DE99-44DD-91E5-9BEE90C9DE90}.Release|Any CPU.ActiveCfg = Release|Any CPU
		{3DF03AFF-DE99-44DD-91E5-9BEE90C9DE90}.Release|Any CPU.Build.0 = Release|Any CPU
		{5F3AC7EB-7D74-4D54-9FC9-177D08B28993}.Debug|Any CPU.ActiveCfg = Debug|Any CPU
		{5F3AC7EB-7D74-4D54-9FC9-177D08B28993}.Debug|Any CPU.Build.0 = Debug|Any CPU
		{5F3AC7EB-7D74-4D54-9FC9-177D08B28993}.Release|Any CPU.ActiveCfg = Release|Any CPU
		{5F3AC7EB-7D74-4D54-9FC9-177D08B28993}.Release|Any CPU.Build.0 = Release|Any CPU
		{81AB9DA5-49E5-4286-85D5-3FA3450DEBD4}.Debug|Any CPU.ActiveCfg = Debug|Any CPU
		{81AB9DA5-49E5-4286-85D5-3FA3450DEBD4}.Debug|Any CPU.Build.0 = Debug|Any CPU
		{81AB9DA5-49E5-4286-85D5-3FA3450DEBD4}.Release|Any CPU.ActiveCfg = Release|Any CPU
		{81AB9DA5-49E5-4286-85D5-3FA3450DEBD4}.Release|Any CPU.Build.0 = Release|Any CPU
		{9EC642D5-B307-4F35-8A5E-38DF810C478F}.Debug|Any CPU.ActiveCfg = Debug|Any CPU
		{9EC642D5-B307-4F35-8A5E-38DF810C478F}.Debug|Any CPU.Build.0 = Debug|Any CPU
		{9EC642D5-B307-4F35-8A5E-38DF810C478F}.Release|Any CPU.ActiveCfg = Release|Any CPU
		{9EC642D5-B307-4F35-8A5E-38DF810C478F}.Release|Any CPU.Build.0 = Release|Any CPU
		{3A4AA13C-43EE-425C-8240-3C07E0CC888D}.Debug|Any CPU.ActiveCfg = Debug|Any CPU
		{3A4AA13C-43EE-425C-8240-3C07E0CC888D}.Debug|Any CPU.Build.0 = Debug|Any CPU
		{3A4AA13C-43EE-425C-8240-3C07E0CC888D}.Release|Any CPU.ActiveCfg = Release|Any CPU
		{3A4AA13C-43EE-425C-8240-3C07E0CC888D}.Release|Any CPU.Build.0 = Release|Any CPU
		{6363E35F-7B6D-4864-9E4D-0B17941F4832}.Debug|Any CPU.ActiveCfg = Debug|Any CPU
		{6363E35F-7B6D-4864-9E4D-0B17941F4832}.Debug|Any CPU.Build.0 = Debug|Any CPU
		{6363E35F-7B6D-4864-9E4D-0B17941F4832}.Release|Any CPU.ActiveCfg = Release|Any CPU
		{6363E35F-7B6D-4864-9E4D-0B17941F4832}.Release|Any CPU.Build.0 = Release|Any CPU
		{7A4DEBE6-ADC3-4A01-AF4D-110334BD59EE}.Debug|Any CPU.ActiveCfg = Debug|Any CPU
		{7A4DEBE6-ADC3-4A01-AF4D-110334BD59EE}.Debug|Any CPU.Build.0 = Debug|Any CPU
		{7A4DEBE6-ADC3-4A01-AF4D-110334BD59EE}.Release|Any CPU.ActiveCfg = Release|Any CPU
		{7A4DEBE6-ADC3-4A01-AF4D-110334BD59EE}.Release|Any CPU.Build.0 = Release|Any CPU
		{43A4F181-783D-4241-916A-5B14A03F18EB}.Debug|Any CPU.ActiveCfg = Debug|Any CPU
		{43A4F181-783D-4241-916A-5B14A03F18EB}.Debug|Any CPU.Build.0 = Debug|Any CPU
		{43A4F181-783D-4241-916A-5B14A03F18EB}.Release|Any CPU.ActiveCfg = Release|Any CPU
		{43A4F181-783D-4241-916A-5B14A03F18EB}.Release|Any CPU.Build.0 = Release|Any CPU
		{7671540E-E382-4CC1-8C5F-E71F5998C050}.Debug|Any CPU.ActiveCfg = Debug|Any CPU
		{7671540E-E382-4CC1-8C5F-E71F5998C050}.Debug|Any CPU.Build.0 = Debug|Any CPU
		{7671540E-E382-4CC1-8C5F-E71F5998C050}.Release|Any CPU.ActiveCfg = Release|Any CPU
		{7671540E-E382-4CC1-8C5F-E71F5998C050}.Release|Any CPU.Build.0 = Release|Any CPU
	EndGlobalSection
	GlobalSection(NestedProjects) = preSolution
		{A793684D-A839-4E4E-8094-6F40D2DD6645} = {74C1DD44-E596-47AE-8F36-9C4D3FA01EEE}
		{5853F2D6-B075-4B77-BE8E-D16155861515} = {74C1DD44-E596-47AE-8F36-9C4D3FA01EEE}
		{3C43B293-BD1A-4310-93D8-C859FF9BB637} = {D9507B4C-1C36-49EA-A55A-5101A8C8C43E}
		{1301DCA9-DA7B-4743-87AA-62D850D972EE} = {5FF986E4-772C-43B5-B8E8-F9EFF1BD46D9}
		{25C0FDEA-D0F3-41C8-ADAD-C015FE7C3393} = {53550E84-C631-4E42-AD41-173131F1E885}
		{53FA52D1-F193-4DA2-8E55-8945C95A65FB} = {25C0FDEA-D0F3-41C8-ADAD-C015FE7C3393}
		{4683CE94-E8A8-4A81-AAE8-F57692737479} = {25C0FDEA-D0F3-41C8-ADAD-C015FE7C3393}
		{FC56CC48-8375-4379-A5C6-AD76A5CC7722} = {25C0FDEA-D0F3-41C8-ADAD-C015FE7C3393}
		{78CAF172-0600-4B10-97DC-A12DFB298E45} = {25C0FDEA-D0F3-41C8-ADAD-C015FE7C3393}
		{D8932E17-A3AE-41FB-8E6A-EA338ADE72EC} = {53550E84-C631-4E42-AD41-173131F1E885}
		{3DF03AFF-DE99-44DD-91E5-9BEE90C9DE90} = {D8932E17-A3AE-41FB-8E6A-EA338ADE72EC}
		{5F3AC7EB-7D74-4D54-9FC9-177D08B28993} = {D8932E17-A3AE-41FB-8E6A-EA338ADE72EC}
		{81AB9DA5-49E5-4286-85D5-3FA3450DEBD4} = {D8932E17-A3AE-41FB-8E6A-EA338ADE72EC}
		{9EC642D5-B307-4F35-8A5E-38DF810C478F} = {D8932E17-A3AE-41FB-8E6A-EA338ADE72EC}
		{3A4AA13C-43EE-425C-8240-3C07E0CC888D} = {8FBC5EE1-4C1C-429D-9DC9-F9704447627B}
		{6363E35F-7B6D-4864-9E4D-0B17941F4832} = {8FBC5EE1-4C1C-429D-9DC9-F9704447627B}
		{7A4DEBE6-ADC3-4A01-AF4D-110334BD59EE} = {8FBC5EE1-4C1C-429D-9DC9-F9704447627B}
		{43A4F181-783D-4241-916A-5B14A03F18EB} = {8FBC5EE1-4C1C-429D-9DC9-F9704447627B}
		{7671540E-E382-4CC1-8C5F-E71F5998C050} = {8FBC5EE1-4C1C-429D-9DC9-F9704447627B}
	EndGlobalSection
EndGlobal
